{
  "name": "MCP Integ",
  "lockfileVersion": 3,
  "requires": true,
  "packages": {
    "": {
      "devDependencies": {
        "baseline-browser-mapping": "^2.9.4"
      }
    },
    "node_modules/baseline-browser-mapping": {
      "version": "2.9.4",
      "resolved": "https://registry.npmjs.org/baseline-browser-mapping/-/baseline-browser-mapping-2.9.4.tgz",
      "integrity": "sha512-ZCQ9GEWl73BVm8bu5Fts8nt7MHdbt5vY9bP6WGnUh+r3l8M7CgfyTlwsgCbMC66BNxPr6Xoce3j66Ms5YUQTNA==",
      "dev": true,
      "license": "Apache-2.0",
      "bin": {
        "baseline-browser-mapping": "dist/cli.js"
      }
    }
  }
}
